# This file is autogenerated, do not edit; changes may be undone by the next 'dep ensure'.


[[projects]]
  branch = "master"
  digest = "1:e7b941ba387539bb2b5ab3d39136c0dea1aaebc5c4603099687605fdf4984b94"
  name = "github.com/basvdlei/gotsmart"
  packages = ["dsmr"]
  pruneopts = "UT"
  revision = "eca0a099edbed809571a86e6299afff189d0938e"

[[projects]]
  digest = "1:184008c955d6a3226b700c13ed0e875a7a051a759618f9bccba9b5c99f17faa5"
  name = "github.com/eclipse/paho.mqtt.golang"
  packages = [
    ".",
    "packets",
  ]
  pruneopts = "UT"
  revision = "36d01c2b4cbeb3d2a12063e4880ce30800af9560"
  version = "v1.1.1"

[[projects]]
  branch = "master"
  digest = "1:1ba1d79f2810270045c328ae5d674321db34e3aae468eb4233883b473c5c0467"
  name = "github.com/golang/glog"
  packages = ["."]
  pruneopts = "UT"
  revision = "23def4e6c14b4da8ac2ed8007337bc5eb5007998"

[[projects]]
  branch = "master"
  digest = "1:52b21e6be25049834aea5ecdde35d723c00fbdad3ea0357f2072dfb105836e02"
  name = "github.com/tarm/serial"
  packages = ["."]
  pruneopts = "UT"
  revision = "98f6abe2eb07edd42f6dfa2a934aea469acc29b7"

[[projects]]
  branch = "master"
  digest = "1:ece338c951f4410f9ea21b56ea12f933ffb085672fe868ab57254d1536f384f7"
  name = "golang.org/x/net"
  packages = [
    "internal/socks",
    "proxy",
    "websocket",
  ]
  pruneopts = "UT"
  revision = "8a410e7b638dca158bf9e766925842f6651ff828"

[[projects]]
  branch = "master"
  digest = "1:4b487c782bc804d994e91adbd3d2a8a77a482671efd87b2fde0805adb01a39c0"
  name = "golang.org/x/sys"
  packages = ["unix"]
  pruneopts = "UT"
  revision = "fa5fdf94c78965f1aa8423f0cc50b8b8d728b05a"

[solve-meta]
  analyzer-name = "dep"
  analyzer-version = 1
  input-imports = [
    "github.com/basvdlei/gotsmart/dsmr",
    "github.com/eclipse/paho.mqtt.golang",
    "github.com/golang/glog",
    "github.com/tarm/serial",
  ]
  solver-name = "gps-cdcl"
  solver-version = 1
